{
  "nodes": {
    "askii": {
      "inputs": {
        "flake-utils": [
          "flake-utils"
        ],
        "nixpkgs": [
          "nixpkgs"
        ]
      },
      "locked": {
        "dir": "askii",
        "lastModified": 1781739011,
        "narHash": "sha256-Vus38azqDUBUli4so+ZiXktPcak/laWQ/bwKPpFR4zk=",
        "ref": "refs/heads/master",
        "rev": "9d4968c27a2a440091d6e4c637fe1076fddd35f4",
        "revCount": 598,
        "type": "git",
        "url": "https://github.com/da-moon/flakes.git?dir=askii"
      },
      "original": {
        "dir": "askii",
        "type": "git",
        "url": "https://github.com/da-moon/flakes.git?dir=askii"
      }
    },
    "beads": {
      "inputs": {
        "flake-utils": [
          "flake-utils"
        ],
        "nixpkgs": [
          "nixpkgs"
        ]
      },
      "locked": {
        "dir": "beads",
        "lastModified": 1781739011,
        "narHash": "sha256-Vus38azqDUBUli4so+ZiXktPcak/laWQ/bwKPpFR4zk=",
        "ref": "refs/heads/master",
        "rev": "9d4968c27a2a440091d6e4c637fe1076fddd35f4",
        "revCount": 598,
        "type": "git",
        "url": "https://github.com/da-moon/flakes.git?dir=beads"
      },
      "original": {
        "dir": "beads",
        "type": "git",
        "url": "https://github.com/da-moon/flakes.git?dir=beads"
      }
    },
    "claude-code": {
      "inputs": {
        "flake-utils": [
          "flake-utils"
        ],
        "nixpkgs": [
          "nixpkgs"
        ]
      },
      "locked": {
        "dir": "claude-code",
        "lastModified": 1781739011,
        "narHash": "sha256-Vus38azqDUBUli4so+ZiXktPcak/laWQ/bwKPpFR4zk=",
        "ref": "refs/heads/master",
        "rev": "9d4968c27a2a440091d6e4c637fe1076fddd35f4",
        "revCount": 598,
        "type": "git",
        "url": "https://github.com/da-moon/flakes.git?dir=claude-code"
      },
      "original": {
        "dir": "claude-code",
        "type": "git",
        "url": "https://github.com/da-moon/flakes.git?dir=claude-code"
      }
    },
    "code-review-graph": {
      "inputs": {
        "flake-utils": [
          "flake-utils"
        ],
        "nixpkgs": [
          "nixpkgs"
        ]
      },
      "locked": {
        "dir": "code-review-graph",
        "lastModified": 1781739011,
        "narHash": "sha256-Vus38azqDUBUli4so+ZiXktPcak/laWQ/bwKPpFR4zk=",
        "ref": "refs/heads/master",
        "rev": "9d4968c27a2a440091d6e4c637fe1076fddd35f4",
        "revCount": 598,
        "type": "git",
        "url": "https://github.com/da-moon/flakes.git?dir=code-review-graph"
      },
      "original": {
        "dir": "code-review-graph",
        "type": "git",
        "url": "https://github.com/da-moon/flakes.git?dir=code-review-graph"
      }
    },
    "codex": {
      "inputs": {
        "flake-utils": [
          "flake-utils"
        ],
        "nixpkgs": [
          "nixpkgs"
        ]
      },
      "locked": {
        "dir": "codex",
        "lastModified": 1781739011,
        "narHash": "sha256-Vus38azqDUBUli4so+ZiXktPcak/laWQ/bwKPpFR4zk=",
        "ref": "refs/heads/master",
        "rev": "9d4968c27a2a440091d6e4c637fe1076fddd35f4",
        "revCount": 598,
        "type": "git",
        "url": "https://github.com/da-moon/flakes.git?dir=codex"
      },
      "original": {
        "dir": "codex",
        "type": "git",
        "url": "https://github.com/da-moon/flakes.git?dir=codex"
      }
    },
    "command-code": {
      "inputs": {
        "flake-utils": [
          "flake-utils"
        ],
        "nixpkgs": [
          "nixpkgs"
        ]
      },
      "locked": {
        "dir": "command-code",
        "lastModified": 1781795363,
        "narHash": "sha256-NIUWrUAiG0ap6oHHBHE6je+b4tWLgjAYfRshZYHBYJ4=",
        "ref": "refs/heads/master",
        "rev": "2636924d8009738146b1e7ac6e6aa48e76f1ad39",
        "revCount": 606,
        "type": "git",
        "url": "https://github.com/da-moon/flakes.git?dir=command-code"
      },
      "original": {
        "dir": "command-code",
        "type": "git",
        "url": "https://github.com/da-moon/flakes.git?dir=command-code"
      }
    },
    "context-mode": {
      "inputs": {
        "flake-utils": [
          "flake-utils"
        ],
        "nixpkgs": [
          "nixpkgs"
        ]
      },
      "locked": {
        "dir": "context-mode",
        "lastModified": 1781739011,
        "narHash": "sha256-Vus38azqDUBUli4so+ZiXktPcak/laWQ/bwKPpFR4zk=",
        "ref": "refs/heads/master",
        "rev": "9d4968c27a2a440091d6e4c637fe1076fddd35f4",
        "revCount": 598,
        "type": "git",
        "url": "https://github.com/da-moon/flakes.git?dir=context-mode"
      },
      "original": {
        "dir": "context-mode",
        "type": "git",
        "url": "https://github.com/da-moon/flakes.git?dir=context-mode"
      }
    },
    "dd-cli": {
      "inputs": {
        "flake-utils": [
          "flake-utils"
        ],
        "nixpkgs": [
          "nixpkgs"
        ]
      },
      "locked": {
        "dir": "dd-cli",
        "lastModified": 1781739011,
        "narHash": "sha256-Vus38azqDUBUli4so+ZiXktPcak/laWQ/bwKPpFR4zk=",
        "ref": "refs/heads/master",
        "rev": "9d4968c27a2a440091d6e4c637fe1076fddd35f4",
        "revCount": 598,
        "type": "git",
        "url": "https://github.com/da-moon/flakes.git?dir=dd-cli"
      },
      "original": {
        "dir": "dd-cli",
        "type": "git",
        "url": "https://github.com/da-moon/flakes.git?dir=dd-cli"
      }
    },
    "elio": {
      "inputs": {
        "flake-utils": [
          "flake-utils"
        ],
        "nixpkgs": [
          "nixpkgs"
        ]
      },
      "locked": {
        "dir": "elio",
        "lastModified": 1781739011,
        "narHash": "sha256-Vus38azqDUBUli4so+ZiXktPcak/laWQ/bwKPpFR4zk=",
        "ref": "refs/heads/master",
        "rev": "9d4968c27a2a440091d6e4c637fe1076fddd35f4",
        "revCount": 598,
        "type": "git",
        "url": "https://github.com/da-moon/flakes.git?dir=elio"
      },
      "original": {
        "dir": "elio",
        "type": "git",
        "url": "https://github.com/da-moon/flakes.git?dir=elio"
      }
    },
    "evolver": {
      "inputs": {
        "flake-utils": [
          "flake-utils"
        ],
        "nixpkgs": [
          "nixpkgs"
        ]
      },
      "locked": {
        "dir": "evolver",
        "lastModified": 1781739011,
        "narHash": "sha256-Vus38azqDUBUli4so+ZiXktPcak/laWQ/bwKPpFR4zk=",
        "ref": "refs/heads/master",
        "rev": "9d4968c27a2a440091d6e4c637fe1076fddd35f4",
        "revCount": 598,
        "type": "git",
        "url": "https://github.com/da-moon/flakes.git?dir=evolver"
      },
      "original": {
        "dir": "evolver",
        "type": "git",
        "url": "https://github.com/da-moon/flakes.git?dir=evolver"
      }
    },
    "flake-utils": {
      "inputs": {
        "systems": "systems"
      },
      "locked": {
        "lastModified": 1731533236,
        "narHash": "sha256-l0KFg5HjrsfsO/JpG+r7fRrqm12kzFHyUHqHCVpMMbI=",
        "owner": "numtide",
        "repo": "flake-utils",
        "rev": "11707dc2f618dd54ca8739b309ec4fc024de578b",
        "type": "github"
      },
      "original": {
        "owner": "numtide",
        "repo": "flake-utils",
        "type": "github"
      }
    },
    "gemini-cli": {
      "inputs": {
        "flake-utils": [
          "flake-utils"
        ],
        "nixpkgs": [
          "nixpkgs"
        ]
      },
      "locked": {
        "dir": "gemini-cli",
        "lastModified": 1781739011,
        "narHash": "sha256-Vus38azqDUBUli4so+ZiXktPcak/laWQ/bwKPpFR4zk=",
        "ref": "refs/heads/master",
        "rev": "9d4968c27a2a440091d6e4c637fe1076fddd35f4",
        "revCount": 598,
        "type": "git",
        "url": "https://github.com/da-moon/flakes.git?dir=gemini-cli"
      },
      "original": {
        "dir": "gemini-cli",
        "type": "git",
        "url": "https://github.com/da-moon/flakes.git?dir=gemini-cli"
      }
    },
    "goose-cli": {
      "inputs": {
        "flake-utils": [
          "flake-utils"
        ],
        "nixpkgs": [
          "nixpkgs"
        ]
      },
      "locked": {
        "dir": "goose-cli",
        "lastModified": 1781739011,
        "narHash": "sha256-Vus38azqDUBUli4so+ZiXktPcak/laWQ/bwKPpFR4zk=",
        "ref": "refs/heads/master",
        "rev": "9d4968c27a2a440091d6e4c637fe1076fddd35f4",
        "revCount": 598,
        "type": "git",
        "url": "https://github.com/da-moon/flakes.git?dir=goose-cli"
      },
      "original": {
        "dir": "goose-cli",
        "type": "git",
        "url": "https://github.com/da-moon/flakes.git?dir=goose-cli"
      }
    },
    "gsd-2": {
      "inputs": {
        "flake-utils": [
          "flake-utils"
        ],
        "nixpkgs": [
          "nixpkgs"
        ]
      },
      "locked": {
        "dir": "gsd-2",
        "lastModified": 1781739011,
        "narHash": "sha256-Vus38azqDUBUli4so+ZiXktPcak/laWQ/bwKPpFR4zk=",
        "ref": "refs/heads/master",
        "rev": "9d4968c27a2a440091d6e4c637fe1076fddd35f4",
        "revCount": 598,
        "type": "git",
        "url": "https://github.com/da-moon/flakes.git?dir=gsd-2"
      },
      "original": {
        "dir": "gsd-2",
        "type": "git",
        "url": "https://github.com/da-moon/flakes.git?dir=gsd-2"
      }
    },
    "hunk": {
      "inputs": {
        "flake-utils": [
          "flake-utils"
        ],
        "nixpkgs": [
          "nixpkgs"
        ]
      },
      "locked": {
        "dir": "hunk",
        "lastModified": 1781739011,
        "narHash": "sha256-Vus38azqDUBUli4so+ZiXktPcak/laWQ/bwKPpFR4zk=",
        "ref": "refs/heads/master",
        "rev": "9d4968c27a2a440091d6e4c637fe1076fddd35f4",
        "revCount": 598,
        "type": "git",
        "url": "https://github.com/da-moon/flakes.git?dir=hunk"
      },
      "original": {
        "dir": "hunk",
        "type": "git",
        "url": "https://github.com/da-moon/flakes.git?dir=hunk"
      }
    },
    "kimi-cli": {
      "inputs": {
        "flake-utils": [
          "flake-utils"
        ],
        "nixpkgs": [
          "nixpkgs"
        ]
      },
      "locked": {
        "dir": "kimi-cli",
        "lastModified": 1781739011,
        "narHash": "sha256-Vus38azqDUBUli4so+ZiXktPcak/laWQ/bwKPpFR4zk=",
        "ref": "refs/heads/master",
        "rev": "9d4968c27a2a440091d6e4c637fe1076fddd35f4",
        "revCount": 598,
        "type": "git",
        "url": "https://github.com/da-moon/flakes.git?dir=kimi-cli"
      },
      "original": {
        "dir": "kimi-cli",
        "type": "git",
        "url": "https://github.com/da-moon/flakes.git?dir=kimi-cli"
      }
    },
    "markdown-magic": {
      "inputs": {
        "flake-utils": [
          "flake-utils"
        ],
        "nixpkgs": [
          "nixpkgs"
        ]
      },
      "locked": {
        "dir": "markdown-magic",
        "lastModified": 1781739011,
        "narHash": "sha256-Vus38azqDUBUli4so+ZiXktPcak/laWQ/bwKPpFR4zk=",
        "ref": "refs/heads/master",
        "rev": "9d4968c27a2a440091d6e4c637fe1076fddd35f4",
        "revCount": 598,
        "type": "git",
        "url": "https://github.com/da-moon/flakes.git?dir=markdown-magic"
      },
      "original": {
        "dir": "markdown-magic",
        "type": "git",
        "url": "https://github.com/da-moon/flakes.git?dir=markdown-magic"
      }
    },
    "nixpkgs": {
      "locked": {
        "lastModified": 1781607440,
        "narHash": "sha256-rxO+uc/KFbSJp+pgyXRuAX6QlG9hJdnt0BXpEQRXY+U=",
        "owner": "NixOS",
        "repo": "nixpkgs",
        "rev": "3e41b24abd260e8f71dbe2f5737d24122f972158",
        "type": "github"
      },
      "original": {
        "owner": "NixOS",
        "ref": "nixpkgs-unstable",
        "repo": "nixpkgs",
        "type": "github"
      }
    },
    "nothing-ever-happens": {
      "inputs": {
        "flake-utils": [
          "flake-utils"
        ],
        "nixpkgs": [
          "nixpkgs"
        ]
      },
      "locked": {
        "dir": "nothing-ever-happens",
        "lastModified": 1781739011,
        "narHash": "sha256-Vus38azqDUBUli4so+ZiXktPcak/laWQ/bwKPpFR4zk=",
        "ref": "refs/heads/master",
        "rev": "9d4968c27a2a440091d6e4c637fe1076fddd35f4",
        "revCount": 598,
        "type": "git",
        "url": "https://github.com/da-moon/flakes.git?dir=nothing-ever-happens"
      },
      "original": {
        "dir": "nothing-ever-happens",
        "type": "git",
        "url": "https://github.com/da-moon/flakes.git?dir=nothing-ever-happens"
      }
    },
    "obscura": {
      "inputs": {
        "flake-utils": [
          "flake-utils"
        ],
        "nixpkgs": [
          "nixpkgs"
        ]
      },
      "locked": {
        "dir": "obscura",
        "lastModified": 1781739011,
        "narHash": "sha256-Vus38azqDUBUli4so+ZiXktPcak/laWQ/bwKPpFR4zk=",
        "ref": "refs/heads/master",
        "rev": "9d4968c27a2a440091d6e4c637fe1076fddd35f4",
        "revCount": 598,
        "type": "git",
        "url": "https://github.com/da-moon/flakes.git?dir=obscura"
      },
      "original": {
        "dir": "obscura",
        "type": "git",
        "url": "https://github.com/da-moon/flakes.git?dir=obscura"
      }
    },
    "opennews-mcp": {
      "inputs": {
        "flake-utils": [
          "flake-utils"
        ],
        "nixpkgs": [
          "nixpkgs"
        ]
      },
      "locked": {
        "dir": "opennews-mcp",
        "lastModified": 1781739011,
        "narHash": "sha256-Vus38azqDUBUli4so+ZiXktPcak/laWQ/bwKPpFR4zk=",
        "ref": "refs/heads/master",
        "rev": "9d4968c27a2a440091d6e4c637fe1076fddd35f4",
        "revCount": 598,
        "type": "git",
        "url": "https://github.com/da-moon/flakes.git?dir=opennews-mcp"
      },
      "original": {
        "dir": "opennews-mcp",
        "type": "git",
        "url": "https://github.com/da-moon/flakes.git?dir=opennews-mcp"
      }
    },
    "parallel-web-tools": {
      "inputs": {
        "flake-utils": [
          "flake-utils"
        ],
        "nixpkgs": [
          "nixpkgs"
        ]
      },
      "locked": {
        "dir": "parallel-web-tools",
        "lastModified": 1781739011,
        "narHash": "sha256-Vus38azqDUBUli4so+ZiXktPcak/laWQ/bwKPpFR4zk=",
        "ref": "refs/heads/master",
        "rev": "9d4968c27a2a440091d6e4c637fe1076fddd35f4",
        "revCount": 598,
        "type": "git",
        "url": "https://github.com/da-moon/flakes.git?dir=parallel-web-tools"
      },
      "original": {
        "dir": "parallel-web-tools",
        "type": "git",
        "url": "https://github.com/da-moon/flakes.git?dir=parallel-web-tools"
      }
    },
    "root": {
      "inputs": {
        "askii": "askii",
        "beads": "beads",
        "claude-code": "claude-code",
        "code-review-graph": "code-review-graph",
        "codex": "codex",
        "command-code": "command-code",
        "context-mode": "context-mode",
        "dd-cli": "dd-cli",
        "elio": "elio",
        "evolver": "evolver",
        "flake-utils": "flake-utils",
        "gemini-cli": "gemini-cli",
        "goose-cli": "goose-cli",
        "gsd-2": "gsd-2",
        "hunk": "hunk",
        "kimi-cli": "kimi-cli",
        "markdown-magic": "markdown-magic",
        "nixpkgs": "nixpkgs",
        "nothing-ever-happens": "nothing-ever-happens",
        "obscura": "obscura",
        "opennews-mcp": "opennews-mcp",
        "parallel-web-tools": "parallel-web-tools",
        "rtk": "rtk",
        "smithers-studio": "smithers-studio",
        "xurl": "xurl"
      }
    },
    "rtk": {
      "inputs": {
        "flake-utils": [
          "flake-utils"
        ],
        "nixpkgs": [
          "nixpkgs"
        ]
      },
      "locked": {
        "dir": "rtk",
        "lastModified": 1781739011,
        "narHash": "sha256-Vus38azqDUBUli4so+ZiXktPcak/laWQ/bwKPpFR4zk=",
        "ref": "refs/heads/master",
        "rev": "9d4968c27a2a440091d6e4c637fe1076fddd35f4",
        "revCount": 598,
        "type": "git",
        "url": "https://github.com/da-moon/flakes.git?dir=rtk"
      },
      "original": {
        "dir": "rtk",
        "type": "git",
        "url": "https://github.com/da-moon/flakes.git?dir=rtk"
      }
    },
    "smithers-studio": {
      "inputs": {
        "flake-utils": [
          "flake-utils"
        ],
        "nixpkgs": [
          "nixpkgs"
        ]
      },
      "locked": {
        "dir": "smithers-studio",
        "lastModified": 1781833877,
        "narHash": "sha256-A+xNn8cNloRaa0T4OyZJD4S5/i8xxEQXqBd+y1HPMqw=",
        "ref": "refs/heads/master",
        "rev": "cac956ee7ecb3a71165ad313123db21e89079569",
        "revCount": 616,
        "type": "git",
        "url": "https://github.com/da-moon/flakes.git?dir=smithers-studio"
      },
      "original": {
        "dir": "smithers-studio",
        "type": "git",
        "url": "https://github.com/da-moon/flakes.git?dir=smithers-studio"
      }
    },
    "systems": {
      "locked": {
        "lastModified": 1681028828,
        "narHash": "sha256-Vy1rq5AaRuLzOxct8nz4T6wlgyUR7zLU309k9mBC768=",
        "owner": "nix-systems",
        "repo": "default",
        "rev": "da67096a3b9bf56a91d16901293e51ba5b49a27e",
        "type": "github"
      },
      "original": {
        "owner": "nix-systems",
        "repo": "default",
        "type": "github"
      }
    },
    "xurl": {
      "inputs": {
        "flake-utils": [
          "flake-utils"
        ],
        "nixpkgs": [
          "nixpkgs"
        ]
      },
      "locked": {
        "dir": "xurl",
        "lastModified": 1781739011,
        "narHash": "sha256-Vus38azqDUBUli4so+ZiXktPcak/laWQ/bwKPpFR4zk=",
        "ref": "refs/heads/master",
        "rev": "9d4968c27a2a440091d6e4c637fe1076fddd35f4",
        "revCount": 598,
        "type": "git",
        "url": "https://github.com/da-moon/flakes.git?dir=xurl"
      },
      "original": {
        "dir": "xurl",
        "type": "git",
        "url": "https://github.com/da-moon/flakes.git?dir=xurl"
      }
    }
  },
  "root": "root",
  "version": 7
}
